
Microsoft Visual Studio Solution File, Format Version 12.00
# Visual Studio Version 17
VisualStudioVersion = 17.3.32804.467
MinimumVisualStudioVersion = 10.0.40219.1
Project("{FAE04EC0-301F-11D3-BF4B-00C04F79EFBC}") = "UgLottery", "UgLottery.csproj", "{F7AECF1A-E247-403B-8E3B-98A6833DF071}"
EndProject
Global
	GlobalSection(SolutionConfigurationPlatforms) = preSolution
		Debug|Any CPU = Debug|Any CPU
		Release|Any CPU = Release|Any CPU
	EndGlobalSection
	GlobalSection(ProjectConfigurationPlatforms) = postSolution
		{F7AECF1A-E247-403B-8E3B-98A6833DF071}.Debug|Any CPU.ActiveCfg = Debug|Any CPU
		{F7AECF1A-E247-403B-8E3B-98A6833DF071}.Debug|Any CPU.Build.0 = Debug|Any CPU
		{F7AECF1A-E247-403B-8E3B-98A6833DF071}.Release|Any CPU.ActiveCfg = Release|Any CPU
		{F7AECF1A-E247-403B-8E3B-98A6833DF071}.Release|Any CPU.Build.0 = Release|Any CPU
	EndGlobalSection
	GlobalSection(SolutionProperties) = preSolution
		HideSolutionNode = FALSE
	EndGlobalSection
	GlobalSection(ExtensibilityGlobals) = postSolution
		SolutionGuid = {98AB6C28-73FE-4FB2-8B0B-9B14CAE3DD39}
	EndGlobalSection
EndGlobal
